
Microsoft Visual Studio Solution File, Format Version 12.00
# Visual Studio Version 17
VisualStudioVersion = 17.7.34221.43
MinimumVisualStudioVersion = 10.0.40219.1
Project("{FAE04EC0-301F-11D3-BF4B-00C04F79EFBC}") = "TimeOnlyVariables", "TimeOnlyVariables\TimeOnlyVariables.csproj", "{574E64E0-B8BC-4855-89F1-0DEB6C869697}"
EndProject
Global
	GlobalSection(SolutionConfigurationPlatforms) = preSolution
		Debug|Any CPU = Debug|Any CPU
		Release|Any CPU = Release|Any CPU
	EndGlobalSection
	GlobalSection(ProjectConfigurationPlatforms) = postSolution
		{574E64E0-B8BC-4855-89F1-0DEB6C869697}.Debug|Any CPU.ActiveCfg = Debug|Any CPU
		{574E64E0-B8BC-4855-89F1-0DEB6C869697}.Debug|Any CPU.Build.0 = Debug|Any CPU
		{574E64E0-B8BC-4855-89F1-0DEB6C869697}.Release|Any CPU.ActiveCfg = Release|Any CPU
		{574E64E0-B8BC-4855-89F1-0DEB6C869697}.Release|Any CPU.Build.0 = Release|Any CPU
	EndGlobalSection
	GlobalSection(SolutionProperties) = preSolution
		HideSolutionNode = FALSE
	EndGlobalSection
	GlobalSection(ExtensibilityGlobals) = postSolution
		SolutionGuid = {A47CAA42-335E-4465-BC48-3C60EE701216}
	EndGlobalSection
EndGlobal
